// !$*UTF8*$!
{
	archiveVersion = 1;
	classes = {
	};
	objectVersion = 55;
	objects = {

/* Begin PBXBuildFile section */
		422586BB8FCD059D55737735 /* Pods_SwipeApp_SwipeAppUITests.framework in Frameworks */ = {isa = PBXBuildFile; fileRef = 22BFADE72C405C76771B8DAD /* Pods_SwipeApp_SwipeAppUITests.framework */; };
		5A5F94A027378D0700F6E832 /* AppDelegate.swift in Sources */ = {isa = PBXBuildFile; fileRef = 5A5F949F27378D0700F6E832 /* AppDelegate.swift */; };
		5A5F94A227378D0700F6E832 /* SceneDelegate.swift in Sources */ = {isa = PBXBuildFile; fileRef = 5A5F94A127378D0700F6E832 /* SceneDelegate.swift */; };
		5A5F94A427378D0700F6E832 /* ViewController.swift in Sources */ = {isa = PBXBuildFile; fileRef = 5A5F94A327378D0700F6E832 /* ViewController.swift */; };
		5A5F94A727378D0700F6E832 /* Main.storyboard in Resources */ = {isa = PBXBuildFile; fileRef = 5A5F94A527378D0700F6E832 /* Main.storyboard */; };
		5A5F94A927378D0900F6E832 /* Assets.xcassets in Resources */ = {isa = PBXBuildFile; fileRef = 5A5F94A827378D0900F6E832 /* Assets.xcassets */; };
		5A5F94AC27378D0900F6E832 /* LaunchScreen.storyboard in Resources */ = {isa = PBXBuildFile; fileRef = 5A5F94AA27378D0900F6E832 /* LaunchScreen.storyboard */; };
		5A5F94B727378D0900F6E832 /* SwipeAppTests.swift in Sources */ = {isa = PBXBuildFile; fileRef = 5A5F94B627378D0900F6E832 /* SwipeAppTests.swift */; };
		5A5F94C127378D0900F6E832 /* SwipeAppUITests.swift in Sources */ = {isa = PBXBuildFile; fileRef = 5A5F94C027378D0900F6E832 /* SwipeAppUITests.swift */; };
		5A5F94C327378D0900F6E832 /* SwipeAppUITestsLaunchTests.swift in Sources */ = {isa = PBXBuildFile; fileRef = 5A5F94C227378D0900F6E832 /* SwipeAppUITestsLaunchTests.swift */; };
		5A5F94D02737908800F6E832 /* GoogleService-Info.plist in Resources */ = {isa = PBXBuildFile; fileRef = 5A5F94CF2737908700F6E832 /* GoogleService-Info.plist */; };
		5A5F94D627379CF100F6E832 /* TakeViewController.swift in Sources */ = {isa = PBXBuildFile; fileRef = 5A5F94D527379CF100F6E832 /* TakeViewController.swift */; };
		5A5F94DC2737E31200F6E832 /* CreateUserController.swift in Sources */ = {isa = PBXBuildFile; fileRef = 5A5F94DB2737E31200F6E832 /* CreateUserController.swift */; };
		5A5F94DF2737EC3800F6E832 /* BidTableViewCell.swift in Sources */ = {isa = PBXBuildFile; fileRef = 5A5F94DD2737EC3800F6E832 /* BidTableViewCell.swift */; };
		5A5F94E02737EC3800F6E832 /* BidTableViewCell.xib in Resources */ = {isa = PBXBuildFile; fileRef = 5A5F94DE2737EC3800F6E832 /* BidTableViewCell.xib */; };
		6E1EB6D342ED5CDC29ADE567 /* Pods_SwipeApp.framework in Frameworks */ = {isa = PBXBuildFile; fileRef = 63E6E36ED9E0912265C74706 /* Pods_SwipeApp.framework */; };
		87432272CFFD28276817EEBE /* Pods_SwipeAppTests.framework in Frameworks */ = {isa = PBXBuildFile; fileRef = 0FB41DC592BF9B22C84E0381 /* Pods_SwipeAppTests.framework */; };
/* End PBXBuildFile section */

/* Begin PBXContainerItemProxy section */
		5A5F94B327378D0900F6E832 /* PBXContainerItemProxy */ = {
			isa = PBXContainerItemProxy;
			containerPortal = 5A5F949427378D0700F6E832 /* Project object */;
			proxyType = 1;
			remoteGlobalIDString = 5A5F949B27378D0700F6E832;
			remoteInfo = SwipeApp;
		};
		5A5F94BD27378D0900F6E832 /* PBXContainerItemProxy */ = {
			isa = PBXContainerItemProxy;
			containerPortal = 5A5F949427378D0700F6E832 /* Project object */;
			proxyType = 1;
			remoteGlobalIDString = 5A5F949B27378D0700F6E832;
			remoteInfo = SwipeApp;
		};
/* End PBXContainerItemProxy section */

/* Begin PBXFileReference section */
		0E92FA155B9AD7E639B56A75 /* Pods-SwipeAppTests.debug.xcconfig */ = {isa = PBXFileReference; includeInIndex = 1; lastKnownFileType = text.xcconfig; name = "Pods-SwipeAppTests.debug.xcconfig"; path = "Target Support Files/Pods-SwipeAppTests/Pods-SwipeAppTests.debug.xcconfig"; sourceTree = "<group>"; };
		0FB41DC592BF9B22C84E0381 /* Pods_SwipeAppTests.framework */ = {isa = PBXFileReference; explicitFileType = wrapper.framework; includeInIndex = 0; path = Pods_SwipeAppTests.framework; sourceTree = BUILT_PRODUCTS_DIR; };
		22BFADE72C405C76771B8DAD /* Pods_SwipeApp_SwipeAppUITests.framework */ = {isa = PBXFileReference; explicitFileType = wrapper.framework; includeInIndex = 0; path = Pods_SwipeApp_SwipeAppUITests.framework; sourceTree = BUILT_PRODUCTS_DIR; };
		5A5F949C27378D0700F6E832 /* SwipeApp.app */ = {isa = PBXFileReference; explicitFileType = wrapper.application; includeInIndex = 0; path = SwipeApp.app; sourceTree = BUILT_PRODUCTS_DIR; };
		5A5F949F27378D0700F6E832 /* AppDelegate.swift */ = {isa = PBXFileReference; lastKnownFileType = sourcecode.swift; path = AppDelegate.swift; sourceTree = "<group>"; };
		5A5F94A127378D0700F6E832 /* SceneDelegate.swift */ = {isa = PBXFileReference; lastKnownFileType = sourcecode.swift; path = SceneDelegate.swift; sourceTree = "<group>"; };
		5A5F94A327378D0700F6E832 /* ViewController.swift */ = {isa = PBXFileReference; lastKnownFileType = sourcecode.swift; path = ViewController.swift; sourceTree = "<group>"; };
		5A5F94A627378D0700F6E832 /* Base */ = {isa = PBXFileReference; lastKnownFileType = file.storyboard; name = Base; path = Base.lproj/Main.storyboard; sourceTree = "<group>"; };
		5A5F94A827378D0900F6E832 /* Assets.xcassets */ = {isa = PBXFileReference; lastKnownFileType = folder.assetcatalog; path = Assets.xcassets; sourceTree = "<group>"; };
		5A5F94AB27378D0900F6E832 /* Base */ = {isa = PBXFileReference; lastKnownFileType = file.storyboard; name = Base; path = Base.lproj/LaunchScreen.storyboard; sourceTree = "<group>"; };
		5A5F94AD27378D0900F6E832 /* Info.plist */ = {isa = PBXFileReference; lastKnownFileType = text.plist.xml; path = Info.plist; sourceTree = "<group>"; };
		5A5F94B227378D0900F6E832 /* SwipeAppTests.xctest */ = {isa = PBXFileReference; explicitFileType = wrapper.cfbundle; includeInIndex = 0; path = SwipeAppTests.xctest; sourceTree = BUILT_PRODUCTS_DIR; };
		5A5F94B627378D0900F6E832 /* SwipeAppTests.swift */ = {isa = PBXFileReference; lastKnownFileType = sourcecode.swift; path = SwipeAppTests.swift; sourceTree = "<group>"; };
		5A5F94BC27378D0900F6E832 /* SwipeAppUITests.xctest */ = {isa = PBXFileReference; explicitFileType = wrapper.cfbundle; includeInIndex = 0; path = SwipeAppUITests.xctest; sourceTree = BUILT_PRODUCTS_DIR; };
		5A5F94C027378D0900F6E832 /* SwipeAppUITests.swift */ = {isa = PBXFileReference; lastKnownFileType = sourcecode.swift; path = SwipeAppUITests.swift; sourceTree = "<group>"; };
		5A5F94C227378D0900F6E832 /* SwipeAppUITestsLaunchTests.swift */ = {isa = PBXFileReference; lastKnownFileType = sourcecode.swift; path = SwipeAppUITestsLaunchTests.swift; sourceTree = "<group>"; };
		5A5F94CF2737908700F6E832 /* GoogleService-Info.plist */ = {isa = PBXFileReference; fileEncoding = 4; lastKnownFileType = text.plist.xml; name = "GoogleService-Info.plist"; path = "../../../../Downloads/GoogleService-Info.plist"; sourceTree = "<group>"; };
		5A5F94D527379CF100F6E832 /* TakeViewController.swift */ = {isa = PBXFileReference; lastKnownFileType = sourcecode.swift; path = TakeViewController.swift; sourceTree = "<group>"; };
		5A5F94DB2737E31200F6E832 /* CreateUserController.swift */ = {isa = PBXFileReference; lastKnownFileType = sourcecode.swift; path = CreateUserController.swift; sourceTree = "<group>"; };
		5A5F94DD2737EC3800F6E832 /* BidTableViewCell.swift */ = {isa = PBXFileReference; lastKnownFileType = sourcecode.swift; path = BidTableViewCell.swift; sourceTree = "<group>"; };
		5A5F94DE2737EC3800F6E832 /* BidTableViewCell.xib */ = {isa = PBXFileReference; lastKnownFileType = file.xib; path = BidTableViewCell.xib; sourceTree = "<group>"; };
		63E6E36ED9E0912265C74706 /* Pods_SwipeApp.framework */ = {isa = PBXFileReference; explicitFileType = wrapper.framework; includeInIndex = 0; path = Pods_SwipeApp.framework; sourceTree = BUILT_PRODUCTS_DIR; };
		A8BAF92D80DFF974852FC610 /* Pods-SwipeApp-SwipeAppUITests.debug.xcconfig */ = {isa = PBXFileReference; includeInIndex = 1; lastKnownFileType = text.xcconfig; name = "Pods-SwipeApp-SwipeAppUITests.debug.xcconfig"; path = "Target Support Files/Pods-SwipeApp-SwipeAppUITests/Pods-SwipeApp-SwipeAppUITests.debug.xcconfig"; sourceTree = "<group>"; };
		C6A1D9C59B692DA7F3E6967B /* Pods-SwipeApp.release.xcconfig */ = {isa = PBXFileReference; includeInIndex = 1; lastKnownFileType = text.xcconfig; name = "Pods-SwipeApp.release.xcconfig"; path = "Target Support Files/Pods-SwipeApp/Pods-SwipeApp.release.xcconfig"; sourceTree = "<group>"; };
		D77B2924B0F998DB872EE14C /* Pods-SwipeApp-SwipeAppUITests.release.xcconfig */ = {isa = PBXFileReference; includeInIndex = 1; lastKnownFileType = text.xcconfig; name = "Pods-SwipeApp-SwipeAppUITests.release.xcconfig"; path = "Target Support Files/Pods-SwipeApp-SwipeAppUITests/Pods-SwipeApp-SwipeAppUITests.release.xcconfig"; sourceTree = "<group>"; };
		DFE57B964C7F0FD5FD9BCAE1 /* Pods-SwipeApp.debug.xcconfig */ = {isa = PBXFileReference; includeInIndex = 1; lastKnownFileType = text.xcconfig; name = "Pods-SwipeApp.debug.xcconfig"; path = "Target Support Files/Pods-SwipeApp/Pods-SwipeApp.debug.xcconfig"; sourceTree = "<group>"; };
		E5FAE139CBB91B64D2F841B8 /* Pods-SwipeAppTests.release.xcconfig */ = {isa = PBXFileReference; includeInIndex = 1; lastKnownFileType = text.xcconfig; name = "Pods-SwipeAppTests.release.xcconfig"; path = "Target Support Files/Pods-SwipeAppTests/Pods-SwipeAppTests.release.xcconfig"; sourceTree = "<group>"; };
/* End PBXFileReference section */

/* Begin PBXFrameworksBuildPhase section */
		5A5F949927378D0700F6E832 /* Frameworks */ = {
			isa = PBXFrameworksBuildPhase;
			buildActionMask = 2147483647;
			files = (
				6E1EB6D342ED5CDC29ADE567 /* Pods_SwipeApp.framework in Frameworks */,
			);
			runOnlyForDeploymentPostprocessing = 0;
		};
		5A5F94AF27378D0900F6E832 /* Frameworks */ = {
			isa = PBXFrameworksBuildPhase;
			buildActionMask = 2147483647;
			files = (
				87432272CFFD28276817EEBE /* Pods_SwipeAppTests.framework in Frameworks */,
			);
			runOnlyForDeploymentPostprocessing = 0;
		};
		5A5F94B927378D0900F6E832 /* Frameworks */ = {
			isa = PBXFrameworksBuildPhase;
			buildActionMask = 2147483647;
			files = (
				422586BB8FCD059D55737735 /* Pods_SwipeApp_SwipeAppUITests.framework in Frameworks */,
			);
			runOnlyForDeploymentPostprocessing = 0;
		};
/* End PBXFrameworksBuildPhase section */

/* Begin PBXGroup section */
		3CE7AA8540B541944A87A278 /* Frameworks */ = {
			isa = PBXGroup;
			children = (
				63E6E36ED9E0912265C74706 /* Pods_SwipeApp.framework */,
				22BFADE72C405C76771B8DAD /* Pods_SwipeApp_SwipeAppUITests.framework */,
				0FB41DC592BF9B22C84E0381 /* Pods_SwipeAppTests.framework */,
			);
			name = Frameworks;
			sourceTree = "<group>";
		};
		5A5F949327378D0700F6E832 = {
			isa = PBXGroup;
			children = (
				5A5F949E27378D0700F6E832 /* SwipeApp */,
				5A5F94B527378D0900F6E832 /* SwipeAppTests */,
				5A5F94BF27378D0900F6E832 /* SwipeAppUITests */,
				5A5F949D27378D0700F6E832 /* Products */,
				C9CE7F4EBCBB402F09B552D5 /* Pods */,
				3CE7AA8540B541944A87A278 /* Frameworks */,
			);
			sourceTree = "<group>";
		};
		5A5F949D27378D0700F6E832 /* Products */ = {
			isa = PBXGroup;
			children = (
				5A5F949C27378D0700F6E832 /* SwipeApp.app */,
				5A5F94B227378D0900F6E832 /* SwipeAppTests.xctest */,
				5A5F94BC27378D0900F6E832 /* SwipeAppUITests.xctest */,
			);
			name = Products;
			sourceTree = "<group>";
		};
		5A5F949E27378D0700F6E832 /* SwipeApp */ = {
			isa = PBXGroup;
			children = (
				5A5F94CF2737908700F6E832 /* GoogleService-Info.plist */,
				5A5F949F27378D0700F6E832 /* AppDelegate.swift */,
				5A5F94A127378D0700F6E832 /* SceneDelegate.swift */,
				5A5F94A327378D0700F6E832 /* ViewController.swift */,
				5A5F94A527378D0700F6E832 /* Main.storyboard */,
				5A5F94A827378D0900F6E832 /* Assets.xcassets */,
				5A5F94AA27378D0900F6E832 /* LaunchScreen.storyboard */,
				5A5F94AD27378D0900F6E832 /* Info.plist */,
				5A5F94D527379CF100F6E832 /* TakeViewController.swift */,
				5A5F94DB2737E31200F6E832 /* CreateUserController.swift */,
				5A5F94DD2737EC3800F6E832 /* BidTableViewCell.swift */,
				5A5F94DE2737EC3800F6E832 /* BidTableViewCell.xib */,
			);
			path = SwipeApp;
			sourceTree = "<group>";
		};
		5A5F94B527378D0900F6E832 /* SwipeAppTests */ = {
			isa = PBXGroup;
			children = (
				5A5F94B627378D0900F6E832 /* SwipeAppTests.swift */,
			);
			path = SwipeAppTests;
			sourceTree = "<group>";
		};
		5A5F94BF27378D0900F6E832 /* SwipeAppUITests */ = {
			isa = PBXGroup;
			children = (
				5A5F94C027378D0900F6E832 /* SwipeAppUITests.swift */,
				5A5F94C227378D0900F6E832 /* SwipeAppUITestsLaunchTests.swift */,
			);
			path = SwipeAppUITests;
			sourceTree = "<group>";
		};
		C9CE7F4EBCBB402F09B552D5 /* Pods */ = {
			isa = PBXGroup;
			children = (
				DFE57B964C7F0FD5FD9BCAE1 /* Pods-SwipeApp.debug.xcconfig */,
				C6A1D9C59B692DA7F3E6967B /* Pods-SwipeApp.release.xcconfig */,
				A8BAF92D80DFF974852FC610 /* Pods-SwipeApp-SwipeAppUITests.debug.xcconfig */,
				D77B2924B0F998DB872EE14C /* Pods-SwipeApp-SwipeAppUITests.release.xcconfig */,
				0E92FA155B9AD7E639B56A75 /* Pods-SwipeAppTests.debug.xcconfig */,
				E5FAE139CBB91B64D2F841B8 /* Pods-SwipeAppTests.release.xcconfig */,
			);
			path = Pods;
			sourceTree = "<group>";
		};
/* End PBXGroup section */

/* Begin PBXNativeTarget section */
		5A5F949B27378D0700F6E832 /* SwipeApp */ = {
			isa = PBXNativeTarget;
			buildConfigurationList = 5A5F94C627378D0900F6E832 /* Build configuration list for PBXNativeTarget "SwipeApp" */;
			buildPhases = (
				809563B25835B083EB8C5F69 /* [CP] Check Pods Manifest.lock */,
				5A5F949827378D0700F6E832 /* Sources */,
				5A5F949927378D0700F6E832 /* Frameworks */,
				5A5F949A27378D0700F6E832 /* Resources */,
				E632AAF8F86AF6F8E1DF1B55 /* [CP] Embed Pods Frameworks */,
			);
			buildRules = (
			);
			dependencies = (
			);
			name = SwipeApp;
			productName = SwipeApp;
			productReference = 5A5F949C27378D0700F6E832 /* SwipeApp.app */;
			productType = "com.apple.product-type.application";
		};
		5A5F94B127378D0900F6E832 /* SwipeAppTests */ = {
			isa = PBXNativeTarget;
			buildConfigurationList = 5A5F94C927378D0900F6E832 /* Build configuration list for PBXNativeTarget "SwipeAppTests" */;
			buildPhases = (
				670CA777844036ACBE9F9FE1 /* [CP] Check Pods Manifest.lock */,
				5A5F94AE27378D0900F6E832 /* Sources */,
				5A5F94AF27378D0900F6E832 /* Frameworks */,
				5A5F94B027378D0900F6E832 /* Resources */,
			);
			buildRules = (
			);
			dependencies = (
				5A5F94B427378D0900F6E832 /* PBXTargetDependency */,
			);
			name = SwipeAppTests;
			productName = SwipeAppTests;
			productReference = 5A5F94B227378D0900F6E832 /* SwipeAppTests.xctest */;
			productType = "com.apple.product-type.bundle.unit-test";
		};
		5A5F94BB27378D0900F6E832 /* SwipeAppUITests */ = {
			isa = PBXNativeTarget;
			buildConfigurationList = 5A5F94CC27378D0900F6E832 /* Build configuration list for PBXNativeTarget "SwipeAppUITests" */;
			buildPhases = (
				4DD1BCB8F4A5B55FF0F56AE4 /* [CP] Check Pods Manifest.lock */,
				5A5F94B827378D0900F6E832 /* Sources */,
				5A5F94B927378D0900F6E832 /* Frameworks */,
				5A5F94BA27378D0900F6E832 /* Resources */,
				A945913EACD9C15120C5BBBC /* [CP] Embed Pods Frameworks */,
			);
			buildRules = (
			);
			dependencies = (
				5A5F94BE27378D0900F6E832 /* PBXTargetDependency */,
			);
			name = SwipeAppUITests;
			productName = SwipeAppUITests;
			productReference = 5A5F94BC27378D0900F6E832 /* SwipeAppUITests.xctest */;
			productType = "com.apple.product-type.bundle.ui-testing";
		};
/* End PBXNativeTarget section */

/* Begin PBXProject section */
		5A5F949427378D0700F6E832 /* Project object */ = {
			isa = PBXProject;
			attributes = {
				BuildIndependentTargetsInParallel = 1;
				LastSwiftUpdateCheck = 1310;
				LastUpgradeCheck = 1310;
				TargetAttributes = {
					5A5F949B27378D0700F6E832 = {
						CreatedOnToolsVersion = 13.1;
					};
					5A5F94B127378D0900F6E832 = {
						CreatedOnToolsVersion = 13.1;
						TestTargetID = 5A5F949B27378D0700F6E832;
					};
					5A5F94BB27378D0900F6E832 = {
						CreatedOnToolsVersion = 13.1;
						TestTargetID = 5A5F949B27378D0700F6E832;
					};
				};
			};
			buildConfigurationList = 5A5F949727378D0700F6E832 /* Build configuration list for PBXProject "SwipeApp" */;
			compatibilityVersion = "Xcode 13.0";
			developmentRegion = en;
			hasScannedForEncodings = 0;
			knownRegions = (
				en,
				Base,
			);
			mainGroup = 5A5F949327378D0700F6E832;
			productRefGroup = 5A5F949D27378D0700F6E832 /* Products */;
			projectDirPath = "";
			projectRoot = "";
			targets = (
				5A5F949B27378D0700F6E832 /* SwipeApp */,
				5A5F94B127378D0900F6E832 /* SwipeAppTests */,
				5A5F94BB27378D0900F6E832 /* SwipeAppUITests */,
			);
		};
/* End PBXProject section */

/* Begin PBXResourcesBuildPhase section */
		5A5F949A27378D0700F6E832 /* Resources */ = {
			isa = PBXResourcesBuildPhase;
			buildActionMask = 2147483647;
			files = (
				5A5F94AC27378D0900F6E832 /* LaunchScreen.storyboard in Resources */,
				5A5F94D02737908800F6E832 /* GoogleService-Info.plist in Resources */,
				5A5F94A927378D0900F6E832 /* Assets.xcassets in Resources */,
				5A5F94A727378D0700F6E832 /* Main.storyboard in Resources */,
				5A5F94E02737EC3800F6E832 /* BidTableViewCell.xib in Resources */,
			);
			runOnlyForDeploymentPostprocessing = 0;
		};
		5A5F94B027378D0900F6E832 /* Resources */ = {
			isa = PBXResourcesBuildPhase;
			buildActionMask = 2147483647;
			files = (
			);
			runOnlyForDeploymentPostprocessing = 0;
		};
		5A5F94BA27378D0900F6E832 /* Resources */ = {
			isa = PBXResourcesBuildPhase;
			buildActionMask = 2147483647;
			files = (
			);
			runOnlyForDeploymentPostprocessing = 0;
		};
/* End PBXResourcesBuildPhase section */

/* Begin PBXShellScriptBuildPhase section */
		4DD1BCB8F4A5B55FF0F56AE4 /* [CP] Check Pods Manifest.lock */ = {
			isa = PBXShellScriptBuildPhase;
			buildActionMask = 2147483647;
			files = (
			);
			inputFileListPaths = (
			);
			inputPaths = (
				"${PODS_PODFILE_DIR_PATH}/Podfile.lock",
				"${PODS_ROOT}/Manifest.lock",
			);
			name = "[CP] Check Pods Manifest.lock";
			outputFileListPaths = (
			);
			outputPaths = (
				"$(DERIVED_FILE_DIR)/Pods-SwipeApp-SwipeAppUITests-checkManifestLockResult.txt",
			);
			runOnlyForDeploymentPostprocessing = 0;
			shellPath = /bin/sh;
			shellScript = "diff \"${PODS_PODFILE_DIR_PATH}/Podfile.lock\" \"${PODS_ROOT}/Manifest.lock\" > /dev/null\nif [ $? != 0 ] ; then\n    # print error to STDERR\n    echo \"error: The sandbox is not in sync with the Podfile.lock. Run 'pod install' or update your CocoaPods installation.\" >&2\n    exit 1\nfi\n# This output is used by Xcode 'outputs' to avoid re-running this script phase.\necho \"SUCCESS\" > \"${SCRIPT_OUTPUT_FILE_0}\"\n";
			showEnvVarsInLog = 0;
		};
		670CA777844036ACBE9F9FE1 /* [CP] Check Pods Manifest.lock */ = {
			isa = PBXShellScriptBuildPhase;
			buildActionMask = 2147483647;
			files = (
			);
			inputFileListPaths = (
			);
			inputPaths = (
				"${PODS_PODFILE_DIR_PATH}/Podfile.lock",
				"${PODS_ROOT}/Manifest.lock",
			);
			name = "[CP] Check Pods Manifest.lock";
			outputFileListPaths = (
			);
			outputPaths = (
				"$(DERIVED_FILE_DIR)/Pods-SwipeAppTests-checkManifestLockResult.txt",
			);
			runOnlyForDeploymentPostprocessing = 0;
			shellPath = /bin/sh;
			shellScript = "diff \"${PODS_PODFILE_DIR_PATH}/Podfile.lock\" \"${PODS_ROOT}/Manifest.lock\" > /dev/null\nif [ $? != 0 ] ; then\n    # print error to STDERR\n    echo \"error: The sandbox is not in sync with the Podfile.lock. Run 'pod install' or update your CocoaPods installation.\" >&2\n    exit 1\nfi\n# This output is used by Xcode 'outputs' to avoid re-running this script phase.\necho \"SUCCESS\" > \"${SCRIPT_OUTPUT_FILE_0}\"\n";
			showEnvVarsInLog = 0;
		};
		809563B25835B083EB8C5F69 /* [CP] Check Pods Manifest.lock */ = {
			isa = PBXShellScriptBuildPhase;
			buildActionMask = 2147483647;
			files = (
			);
			inputFileListPaths = (
			);
			inputPaths = (
				"${PODS_PODFILE_DIR_PATH}/Podfile.lock",
				"${PODS_ROOT}/Manifest.lock",
			);
			name = "[CP] Check Pods Manifest.lock";
			outputFileListPaths = (
			);
			outputPaths = (
				"$(DERIVED_FILE_DIR)/Pods-SwipeApp-checkManifestLockResult.txt",
			);
			runOnlyForDeploymentPostprocessing = 0;
			shellPath = /bin/sh;
			shellScript = "diff \"${PODS_PODFILE_DIR_PATH}/Podfile.lock\" \"${PODS_ROOT}/Manifest.lock\" > /dev/null\nif [ $? != 0 ] ; then\n    # print error to STDERR\n    echo \"error: The sandbox is not in sync with the Podfile.lock. Run 'pod install' or update your CocoaPods installation.\" >&2\n    exit 1\nfi\n# This output is used by Xcode 'outputs' to avoid re-running this script phase.\necho \"SUCCESS\" > \"${SCRIPT_OUTPUT_FILE_0}\"\n";
			showEnvVarsInLog = 0;
		};
		A945913EACD9C15120C5BBBC /* [CP] Embed Pods Frameworks */ = {
			isa = PBXShellScriptBuildPhase;
			buildActionMask = 2147483647;
			files = (
			);
			inputFileListPaths = (
				"${PODS_ROOT}/Target Support Files/Pods-SwipeApp-SwipeAppUITests/Pods-SwipeApp-SwipeAppUITests-frameworks-${CONFIGURATION}-input-files.xcfilelist",
			);
			name = "[CP] Embed Pods Frameworks";
			outputFileListPaths = (
				"${PODS_ROOT}/Target Support Files/Pods-SwipeApp-SwipeAppUITests/Pods-SwipeApp-SwipeAppUITests-frameworks-${CONFIGURATION}-output-files.xcfilelist",
			);
			runOnlyForDeploymentPostprocessing = 0;
			shellPath = /bin/sh;
			shellScript = "\"${PODS_ROOT}/Target Support Files/Pods-SwipeApp-SwipeAppUITests/Pods-SwipeApp-SwipeAppUITests-frameworks.sh\"\n";
			showEnvVarsInLog = 0;
		};
		E632AAF8F86AF6F8E1DF1B55 /* [CP] Embed Pods Frameworks */ = {
			isa = PBXShellScriptBuildPhase;
			buildActionMask = 2147483647;
			files = (
			);
			inputFileListPaths = (
				"${PODS_ROOT}/Target Support Files/Pods-SwipeApp/Pods-SwipeApp-frameworks-${CONFIGURATION}-input-files.xcfilelist",
			);
			name = "[CP] Embed Pods Frameworks";
			outputFileListPaths = (
				"${PODS_ROOT}/Target Support Files/Pods-SwipeApp/Pods-SwipeApp-frameworks-${CONFIGURATION}-output-files.xcfilelist",
			);
			runOnlyForDeploymentPostprocessing = 0;
			shellPath = /bin/sh;
			shellScript = "\"${PODS_ROOT}/Target Support Files/Pods-SwipeApp/Pods-SwipeApp-frameworks.sh\"\n";
			showEnvVarsInLog = 0;
		};
/* End PBXShellScriptBuildPhase section */

/* Begin PBXSourcesBuildPhase section */
		5A5F949827378D0700F6E832 /* Sources */ = {
			isa = PBXSourcesBuildPhase;
			buildActionMask = 2147483647;
			files = (
				5A5F94A427378D0700F6E832 /* ViewController.swift in Sources */,
				5A5F94A027378D0700F6E832 /* AppDelegate.swift in Sources */,
				5A5F94A227378D0700F6E832 /* SceneDelegate.swift in Sources */,
				5A5F94DF2737EC3800F6E832 /* BidTableViewCell.swift in Sources */,
				5A5F94D627379CF100F6E832 /* TakeViewController.swift in Sources */,
				5A5F94DC2737E31200F6E832 /* CreateUserController.swift in Sources */,
			);
			runOnlyForDeploymentPostprocessing = 0;
		};
		5A5F94AE27378D0900F6E832 /* Sources */ = {
			isa = PBXSourcesBuildPhase;
			buildActionMask = 2147483647;
			files = (
				5A5F94B727378D0900F6E832 /* SwipeAppTests.swift in Sources */,
			);
			runOnlyForDeploymentPostprocessing = 0;
		};
		5A5F94B827378D0900F6E832 /* Sources */ = {
			isa = PBXSourcesBuildPhase;
			buildActionMask = 2147483647;
			files = (
				5A5F94C327378D0900F6E832 /* SwipeAppUITestsLaunchTests.swift in Sources */,
				5A5F94C127378D0900F6E832 /* SwipeAppUITests.swift in Sources */,
			);
			runOnlyForDeploymentPostprocessing = 0;
		};
/* End PBXSourcesBuildPhase section */

/* Begin PBXTargetDependency section */
		5A5F94B427378D0900F6E832 /* PBXTargetDependency */ = {
			isa = PBXTargetDependency;
			target = 5A5F949B27378D0700F6E832 /* SwipeApp */;
			targetProxy = 5A5F94B327378D0900F6E832 /* PBXContainerItemProxy */;
		};
		5A5F94BE27378D0900F6E832 /* PBXTargetDependency */ = {
			isa = PBXTargetDependency;
			target = 5A5F949B27378D0700F6E832 /* SwipeApp */;
			targetProxy = 5A5F94BD27378D0900F6E832 /* PBXContainerItemProxy */;
		};
/* End PBXTargetDependency section */

/* Begin PBXVariantGroup section */
		5A5F94A527378D0700F6E832 /* Main.storyboard */ = {
			isa = PBXVariantGroup;
			children = (
				5A5F94A627378D0700F6E832 /* Base */,
			);
			name = Main.storyboard;
			sourceTree = "<group>";
		};
		5A5F94AA27378D0900F6E832 /* LaunchScreen.storyboard */ = {
			isa = PBXVariantGroup;
			children = (
				5A5F94AB27378D0900F6E832 /* Base */,
			);
			name = LaunchScreen.storyboard;
			sourceTree = "<group>";
		};
/* End PBXVariantGroup section */

/* Begin XCBuildConfiguration section */
		5A5F94C427378D0900F6E832 /* Debug */ = {
			isa = XCBuildConfiguration;
			buildSettings = {
				ALWAYS_SEARCH_USER_PATHS = NO;
				CLANG_ANALYZER_NONNULL = YES;
				CLANG_ANALYZER_NUMBER_OBJECT_CONVERSION = YES_AGGRESSIVE;
				CLANG_CXX_LANGUAGE_STANDARD = "gnu++17";
				CLANG_CXX_LIBRARY = "libc++";
				CLANG_ENABLE_MODULES = YES;
				CLANG_ENABLE_OBJC_ARC = YES;
				CLANG_ENABLE_OBJC_WEAK = YES;
				CLANG_WARN_BLOCK_CAPTURE_AUTORELEASING = YES;
				CLANG_WARN_BOOL_CONVERSION = YES;
				CLANG_WARN_COMMA = YES;
				CLANG_WARN_CONSTANT_CONVERSION = YES;
				CLANG_WARN_DEPRECATED_OBJC_IMPLEMENTATIONS = YES;
				CLANG_WARN_DIRECT_OBJC_ISA_USAGE = YES_ERROR;
				CLANG_WARN_DOCUMENTATION_COMMENTS = YES;
				CLANG_WARN_EMPTY_BODY = YES;
				CLANG_WARN_ENUM_CONVERSION = YES;
				CLANG_WARN_INFINITE_RECURSION = YES;
				CLANG_WARN_INT_CONVERSION = YES;
				CLANG_WARN_NON_LITERAL_NULL_CONVERSION = YES;
				CLANG_WARN_OBJC_IMPLICIT_RETAIN_SELF = YES;
				CLANG_WARN_OBJC_LITERAL_CONVERSION = YES;
				CLANG_WARN_OBJC_ROOT_CLASS = YES_ERROR;
				CLANG_WARN_QUOTED_INCLUDE_IN_FRAMEWORK_HEADER = YES;
				CLANG_WARN_RANGE_LOOP_ANALYSIS = YES;
				CLANG_WARN_STRICT_PROTOTYPES = YES;
				CLANG_WARN_SUSPICIOUS_MOVE = YES;
				CLANG_WARN_UNGUARDED_AVAILABILITY = YES_AGGRESSIVE;
				CLANG_WARN_UNREACHABLE_CODE = YES;
				CLANG_WARN__DUPLICATE_METHOD_MATCH = YES;
				COPY_PHASE_STRIP = NO;
				DEBUG_INFORMATION_FORMAT = dwarf;
				ENABLE_STRICT_OBJC_MSGSEND = YES;
				ENABLE_TESTABILITY = YES;
				GCC_C_LANGUAGE_STANDARD = gnu11;
				GCC_DYNAMIC_NO_PIC = NO;
				GCC_NO_COMMON_BLOCKS = YES;
				GCC_OPTIMIZATION_LEVEL = 0;
				GCC_PREPROCESSOR_DEFINITIONS = (
					"DEBUG=1",
					"$(inherited)",
				);
				GCC_WARN_64_TO_32_BIT_CONVERSION = YES;
				GCC_WARN_ABOUT_RETURN_TYPE = YES_ERROR;
				GCC_WARN_UNDECLARED_SELECTOR = YES;
				GCC_WARN_UNINITIALIZED_AUTOS = YES_AGGRESSIVE;
				GCC_WARN_UNUSED_FUNCTION = YES;
				GCC_WARN_UNUSED_VARIABLE = YES;
				IPHONEOS_DEPLOYMENT_TARGET = 15.0;
				MTL_ENABLE_DEBUG_INFO = INCLUDE_SOURCE;
				MTL_FAST_MATH = YES;
				ONLY_ACTIVE_ARCH = YES;
				SDKROOT = iphoneos;
				SWIFT_ACTIVE_COMPILATION_CONDITIONS = DEBUG;
				SWIFT_OPTIMIZATION_LEVEL = "-Onone";
			};
			name = Debug;
		};
		5A5F94C527378D0900F6E832 /* Release */ = {
			isa = XCBuildConfiguration;
			buildSettings = {
				ALWAYS_SEARCH_USER_PATHS = NO;
				CLANG_ANALYZER_NONNULL = YES;
				CLANG_ANALYZER_NUMBER_OBJECT_CONVERSION = YES_AGGRESSIVE;
				CLANG_CXX_LANGUAGE_STANDARD = "gnu++17";
				CLANG_CXX_LIBRARY = "libc++";
				CLANG_ENABLE_MODULES = YES;
				CLANG_ENABLE_OBJC_ARC = YES;
				CLANG_ENABLE_OBJC_WEAK = YES;
				CLANG_WARN_BLOCK_CAPTURE_AUTORELEASING = YES;
				CLANG_WARN_BOOL_CONVERSION = YES;
				CLANG_WARN_COMMA = YES;
				CLANG_WARN_CONSTANT_CONVERSION = YES;
				CLANG_WARN_DEPRECATED_OBJC_IMPLEMENTATIONS = YES;
				CLANG_WARN_DIRECT_OBJC_ISA_USAGE = YES_ERROR;
				CLANG_WARN_DOCUMENTATION_COMMENTS = YES;
				CLANG_WARN_EMPTY_BODY = YES;
				CLANG_WARN_ENUM_CONVERSION = YES;
				CLANG_WARN_INFINITE_RECURSION = YES;
				CLANG_WARN_INT_CONVERSION = YES;
				CLANG_WARN_NON_LITERAL_NULL_CONVERSION = YES;
				CLANG_WARN_OBJC_IMPLICIT_RETAIN_SELF = YES;
				CLANG_WARN_OBJC_LITERAL_CONVERSION = YES;
				CLANG_WARN_OBJC_ROOT_CLASS = YES_ERROR;
				CLANG_WARN_QUOTED_INCLUDE_IN_FRAMEWORK_HEADER = YES;
				CLANG_WARN_RANGE_LOOP_ANALYSIS = YES;
				CLANG_WARN_STRICT_PROTOTYPES = YES;
				CLANG_WARN_SUSPICIOUS_MOVE = YES;
				CLANG_WARN_UNGUARDED_AVAILABILITY = YES_AGGRESSIVE;
				CLANG_WARN_UNREACHABLE_CODE = YES;
				CLANG_WARN__DUPLICATE_METHOD_MATCH = YES;
				COPY_PHASE_STRIP = NO;
				DEBUG_INFORMATION_FORMAT = "dwarf-with-dsym";
				ENABLE_NS_ASSERTIONS = NO;
				ENABLE_STRICT_OBJC_MSGSEND = YES;
				GCC_C_LANGUAGE_STANDARD = gnu11;
				GCC_NO_COMMON_BLOCKS = YES;
				GCC_WARN_64_TO_32_BIT_CONVERSION = YES;
				GCC_WARN_ABOUT_RETURN_TYPE = YES_ERROR;
				GCC_WARN_UNDECLARED_SELECTOR = YES;
				GCC_WARN_UNINITIALIZED_AUTOS = YES_AGGRESSIVE;
				GCC_WARN_UNUSED_FUNCTION = YES;
				GCC_WARN_UNUSED_VARIABLE = YES;
				IPHONEOS_DEPLOYMENT_TARGET = 15.0;
				MTL_ENABLE_DEBUG_INFO = NO;
				MTL_FAST_MATH = YES;
				SDKROOT = iphoneos;
				SWIFT_COMPILATION_MODE = wholemodule;
				SWIFT_OPTIMIZATION_LEVEL = "-O";
				VALIDATE_PRODUCT = YES;
			};
			name = Release;
		};
		5A5F94C727378D0900F6E832 /* Debug */ = {
			isa = XCBuildConfiguration;
			baseConfigurationReference = DFE57B964C7F0FD5FD9BCAE1 /* Pods-SwipeApp.debug.xcconfig */;
			buildSettings = {
				ASSETCATALOG_COMPILER_APPICON_NAME = AppIcon;
				ASSETCATALOG_COMPILER_GLOBAL_ACCENT_COLOR_NAME = AccentColor;
				CODE_SIGN_STYLE = Automatic;
				CURRENT_PROJECT_VERSION = 1;
				GENERATE_INFOPLIST_FILE = YES;
				INFOPLIST_FILE = SwipeApp/Info.plist;
				INFOPLIST_KEY_UIApplicationSupportsIndirectInputEvents = YES;
				INFOPLIST_KEY_UILaunchStoryboardName = LaunchScreen;
				INFOPLIST_KEY_UIMainStoryboardFile = Main;
				INFOPLIST_KEY_UISupportedInterfaceOrientations_iPad = "UIInterfaceOrientationPortrait UIInterfaceOrientationPortraitUpsideDown UIInterfaceOrientationLandscapeLeft UIInterfaceOrientationLandscapeRight";
				INFOPLIST_KEY_UISupportedInterfaceOrientations_iPhone = "UIInterfaceOrientationPortrait UIInterfaceOrientationLandscapeLeft UIInterfaceOrientationLandscapeRight";
				LD_RUNPATH_SEARCH_PATHS = (
					"$(inherited)",
					"@executable_path/Frameworks",
				);
				MARKETING_VERSION = 1.0;
				PRODUCT_BUNDLE_IDENTIFIER = Personal.SwipeApp;
				PRODUCT_NAME = "$(TARGET_NAME)";
				SWIFT_EMIT_LOC_STRINGS = YES;
				SWIFT_VERSION = 5.0;
				TARGETED_DEVICE_FAMILY = "1,2";
			};
			name = Debug;
		};
		5A5F94C827378D0900F6E832 /* Release */ = {
			isa = XCBuildConfiguration;
			baseConfigurationReference = C6A1D9C59B692DA7F3E6967B /* Pods-SwipeApp.release.xcconfig */;
			buildSettings = {
				ASSETCATALOG_COMPILER_APPICON_NAME = AppIcon;
				ASSETCATALOG_COMPILER_GLOBAL_ACCENT_COLOR_NAME = AccentColor;
				CODE_SIGN_STYLE = Automatic;
				CURRENT_PROJECT_VERSION = 1;
				GENERATE_INFOPLIST_FILE = YES;
				INFOPLIST_FILE = SwipeApp/Info.plist;
				INFOPLIST_KEY_UIApplicationSupportsIndirectInputEvents = YES;
				INFOPLIST_KEY_UILaunchStoryboardName = LaunchScreen;
				INFOPLIST_KEY_UIMainStoryboardFile = Main;
				INFOPLIST_KEY_UISupportedInterfaceOrientations_iPad = "UIInterfaceOrientationPortrait UIInterfaceOrientationPortraitUpsideDown UIInterfaceOrientationLandscapeLeft UIInterfaceOrientationLandscapeRight";
				INFOPLIST_KEY_UISupportedInterfaceOrientations_iPhone = "UIInterfaceOrientationPortrait UIInterfaceOrientationLandscapeLeft UIInterfaceOrientationLandscapeRight";
				LD_RUNPATH_SEARCH_PATHS = (
					"$(inherited)",
					"@executable_path/Frameworks",
				);
				MARKETING_VERSION = 1.0;
				PRODUCT_BUNDLE_IDENTIFIER = Personal.SwipeApp;
				PRODUCT_NAME = "$(TARGET_NAME)";
				SWIFT_EMIT_LOC_STRINGS = YES;
				SWIFT_VERSION = 5.0;
				TARGETED_DEVICE_FAMILY = "1,2";
			};
			name = Release;
		};
		5A5F94CA27378D0900F6E832 /* Debug */ = {
			isa = XCBuildConfiguration;
			baseConfigurationReference = 0E92FA155B9AD7E639B56A75 /* Pods-SwipeAppTests.debug.xcconfig */;
			buildSettings = {
				ALWAYS_EMBED_SWIFT_STANDARD_LIBRARIES = YES;
				BUNDLE_LOADER = "$(TEST_HOST)";
				CODE_SIGN_STYLE = Automatic;
				CURRENT_PROJECT_VERSION = 1;
				GENERATE_INFOPLIST_FILE = YES;
				IPHONEOS_DEPLOYMENT_TARGET = 15.0;
				LD_RUNPATH_SEARCH_PATHS = (
					"$(inherited)",
					"@executable_path/Frameworks",
					"@loader_path/Frameworks",
				);
				MARKETING_VERSION = 1.0;
				PRODUCT_BUNDLE_IDENTIFIER = Personal.SwipeAppTests;
				PRODUCT_NAME = "$(TARGET_NAME)";
				SWIFT_EMIT_LOC_STRINGS = NO;
				SWIFT_VERSION = 5.0;
				TARGETED_DEVICE_FAMILY = "1,2";
				TEST_HOST = "$(BUILT_PRODUCTS_DIR)/SwipeApp.app/SwipeApp";
			};
			name = Debug;
		};
		5A5F94CB27378D0900F6E832 /* Release */ = {
			isa = XCBuildConfiguration;
			baseConfigurationReference = E5FAE139CBB91B64D2F841B8 /* Pods-SwipeAppTests.release.xcconfig */;
			buildSettings = {
				ALWAYS_EMBED_SWIFT_STANDARD_LIBRARIES = YES;
				BUNDLE_LOADER = "$(TEST_HOST)";
				CODE_SIGN_STYLE = Automatic;
				CURRENT_PROJECT_VERSION = 1;
				GENERATE_INFOPLIST_FILE = YES;
				IPHONEOS_DEPLOYMENT_TARGET = 15.0;
				LD_RUNPATH_SEARCH_PATHS = (
					"$(inherited)",
					"@executable_path/Frameworks",
					"@loader_path/Frameworks",
				);
				MARKETING_VERSION = 1.0;
				PRODUCT_BUNDLE_IDENTIFIER = Personal.SwipeAppTests;
				PRODUCT_NAME = "$(TARGET_NAME)";
				SWIFT_EMIT_LOC_STRINGS = NO;
				SWIFT_VERSION = 5.0;
				TARGETED_DEVICE_FAMILY = "1,2";
				TEST_HOST = "$(BUILT_PRODUCTS_DIR)/SwipeApp.app/SwipeApp";
			};
			name = Release;
		};
		5A5F94CD27378D0900F6E832 /* Debug */ = {
			isa = XCBuildConfiguration;
			baseConfigurationReference = A8BAF92D80DFF974852FC610 /* Pods-SwipeApp-SwipeAppUITests.debug.xcconfig */;
			buildSettings = {
				ALWAYS_EMBED_SWIFT_STANDARD_LIBRARIES = YES;
				CODE_SIGN_STYLE = Automatic;
				CURRENT_PROJECT_VERSION = 1;
				GENERATE_INFOPLIST_FILE = YES;
				LD_RUNPATH_SEARCH_PATHS = (
					"$(inherited)",
					"@executable_path/Frameworks",
					"@loader_path/Frameworks",
				);
				MARKETING_VERSION = 1.0;
				PRODUCT_BUNDLE_IDENTIFIER = Personal.SwipeAppUITests;
				PRODUCT_NAME = "$(TARGET_NAME)";
				SWIFT_EMIT_LOC_STRINGS = NO;
				SWIFT_VERSION = 5.0;
				TARGETED_DEVICE_FAMILY = "1,2";
				TEST_TARGET_NAME = SwipeApp;
			};
			name = Debug;
		};
		5A5F94CE27378D0900F6E832 /* Release */ = {
			isa = XCBuildConfiguration;
			baseConfigurationReference = D77B2924B0F998DB872EE14C /* Pods-SwipeApp-SwipeAppUITests.release.xcconfig */;
			buildSettings = {
				ALWAYS_EMBED_SWIFT_STANDARD_LIBRARIES = YES;
				CODE_SIGN_STYLE = Automatic;
				CURRENT_PROJECT_VERSION = 1;
				GENERATE_INFOPLIST_FILE = YES;
				LD_RUNPATH_SEARCH_PATHS = (
					"$(inherited)",
					"@executable_path/Frameworks",
					"@loader_path/Frameworks",
				);
				MARKETING_VERSION = 1.0;
				PRODUCT_BUNDLE_IDENTIFIER = Personal.SwipeAppUITests;
				PRODUCT_NAME = "$(TARGET_NAME)";
				SWIFT_EMIT_LOC_STRINGS = NO;
				SWIFT_VERSION = 5.0;
				TARGETED_DEVICE_FAMILY = "1,2";
				TEST_TARGET_NAME = SwipeApp;
			};
			name = Release;
		};
/* End XCBuildConfiguration section */

/* Begin XCConfigurationList section */
		5A5F949727378D0700F6E832 /* Build configuration list for PBXProject "SwipeApp" */ = {
			isa = XCConfigurationList;
			buildConfigurations = (
				5A5F94C427378D0900F6E832 /* Debug */,
				5A5F94C527378D0900F6E832 /* Release */,
			);
			defaultConfigurationIsVisible = 0;
			defaultConfigurationName = Release;
		};
		5A5F94C627378D0900F6E832 /* Build configuration list for PBXNativeTarget "SwipeApp" */ = {
			isa = XCConfigurationList;
			buildConfigurations = (
				5A5F94C727378D0900F6E832 /* Debug */,
				5A5F94C827378D0900F6E832 /* Release */,
			);
			defaultConfigurationIsVisible = 0;
			defaultConfigurationName = Release;
		};
		5A5F94C927378D0900F6E832 /* Build configuration list for PBXNativeTarget "SwipeAppTests" */ = {
			isa = XCConfigurationList;
			buildConfigurations = (
				5A5F94CA27378D0900F6E832 /* Debug */,
				5A5F94CB27378D0900F6E832 /* Release */,
			);
			defaultConfigurationIsVisible = 0;
			defaultConfigurationName = Release;
		};
		5A5F94CC27378D0900F6E832 /* Build configuration list for PBXNativeTarget "SwipeAppUITests" */ = {
			isa = XCConfigurationList;
			buildConfigurations = (
				5A5F94CD27378D0900F6E832 /* Debug */,
				5A5F94CE27378D0900F6E832 /* Release */,
			);
			defaultConfigurationIsVisible = 0;
			defaultConfigurationName = Release;
		};
/* End XCConfigurationList section */
	};
	rootObject = 5A5F949427378D0700F6E832 /* Project object */;
}
